
Microsoft Visual Studio Solution File, Format Version 12.00
# Visual Studio 14
VisualStudioVersion = 14.0.25420.1
MinimumVisualStudioVersion = 10.0.40219.1
Project("{FAE04EC0-301F-11D3-BF4B-00C04F79EFBC}") = "MicroDBHelperExpansionPack.EntityConversion", "MicroDBHelperExpansionPack.EntityConversion\MicroDBHelperExpansionPack.EntityConversion.csproj", "{B38F4701-94F8-46F3-AC17-6B4B12068F3E}"
EndProject
Project("{2150E333-8FDC-42A3-9474-1A3956D46DE8}") = "0 Dependencies", "0 Dependencies", "{908DBA17-555A-4F3E-81BB-3D7451FD4AD9}"
EndProject
Project("{2150E333-8FDC-42A3-9474-1A3956D46DE8}") = "1 Main Contents", "1 Main Contents", "{89D5C97C-51AD-4554-94EF-AAFECD260472}"
EndProject
Project("{FAE04EC0-301F-11D3-BF4B-00C04F79EFBC}") = "MicroDBHelper", "References\MicroDBHelper\Source\MicroDBHelper\MicroDBHelper.csproj", "{38BED804-CDE9-46E0-A493-9DF6F4DD3F27}"
EndProject
Project("{FAE04EC0-301F-11D3-BF4B-00C04F79EFBC}") = "MicroDBHelperExpansionPack.PagingQuery", "MicroDBHelperExpansionPack.PagingQuery\MicroDBHelperExpansionPack.PagingQuery.csproj", "{3DF17B32-89DF-48BB-80D3-5CED0BE45970}"
EndProject
Project("{FAE04EC0-301F-11D3-BF4B-00C04F79EFBC}") = "MicroDBHelperExpansionPack.TransactionWrap", "MicroDBHelperExpansionPack.TransactionWrap\MicroDBHelperExpansionPack.TransactionWrap.csproj", "{85267AA3-E1F8-4054-BAA4-E226B67A97F3}"
EndProject
Global
	GlobalSection(SolutionConfigurationPlatforms) = preSolution
		Debug|Any CPU = Debug|Any CPU
		en|Any CPU = en|Any CPU
		Release|Any CPU = Release|Any CPU
		zh|Any CPU = zh|Any CPU
	EndGlobalSection
	GlobalSection(ProjectConfigurationPlatforms) = postSolution
		{B38F4701-94F8-46F3-AC17-6B4B12068F3E}.Debug|Any CPU.ActiveCfg = Release|Any CPU
		{B38F4701-94F8-46F3-AC17-6B4B12068F3E}.Debug|Any CPU.Build.0 = Release|Any CPU
		{B38F4701-94F8-46F3-AC17-6B4B12068F3E}.en|Any CPU.ActiveCfg = Release|Any CPU
		{B38F4701-94F8-46F3-AC17-6B4B12068F3E}.en|Any CPU.Build.0 = Release|Any CPU
		{B38F4701-94F8-46F3-AC17-6B4B12068F3E}.Release|Any CPU.ActiveCfg = Release|Any CPU
		{B38F4701-94F8-46F3-AC17-6B4B12068F3E}.Release|Any CPU.Build.0 = Release|Any CPU
		{B38F4701-94F8-46F3-AC17-6B4B12068F3E}.zh|Any CPU.ActiveCfg = Release|Any CPU
		{B38F4701-94F8-46F3-AC17-6B4B12068F3E}.zh|Any CPU.Build.0 = Release|Any CPU
		{38BED804-CDE9-46E0-A493-9DF6F4DD3F27}.Debug|Any CPU.ActiveCfg = zh|Any CPU
		{38BED804-CDE9-46E0-A493-9DF6F4DD3F27}.Debug|Any CPU.Build.0 = zh|Any CPU
		{38BED804-CDE9-46E0-A493-9DF6F4DD3F27}.en|Any CPU.ActiveCfg = en|Any CPU
		{38BED804-CDE9-46E0-A493-9DF6F4DD3F27}.en|Any CPU.Build.0 = en|Any CPU
		{38BED804-CDE9-46E0-A493-9DF6F4DD3F27}.Release|Any CPU.ActiveCfg = zh|Any CPU
		{38BED804-CDE9-46E0-A493-9DF6F4DD3F27}.Release|Any CPU.Build.0 = zh|Any CPU
		{38BED804-CDE9-46E0-A493-9DF6F4DD3F27}.zh|Any CPU.ActiveCfg = zh|Any CPU
		{38BED804-CDE9-46E0-A493-9DF6F4DD3F27}.zh|Any CPU.Build.0 = zh|Any CPU
		{3DF17B32-89DF-48BB-80D3-5CED0BE45970}.Debug|Any CPU.ActiveCfg = Release|Any CPU
		{3DF17B32-89DF-48BB-80D3-5CED0BE45970}.Debug|Any CPU.Build.0 = Release|Any CPU
		{3DF17B32-89DF-48BB-80D3-5CED0BE45970}.en|Any CPU.ActiveCfg = Release|Any CPU
		{3DF17B32-89DF-48BB-80D3-5CED0BE45970}.en|Any CPU.Build.0 = Release|Any CPU
		{3DF17B32-89DF-48BB-80D3-5CED0BE45970}.Release|Any CPU.ActiveCfg = Release|Any CPU
		{3DF17B32-89DF-48BB-80D3-5CED0BE45970}.Release|Any CPU.Build.0 = Release|Any CPU
		{3DF17B32-89DF-48BB-80D3-5CED0BE45970}.zh|Any CPU.ActiveCfg = Release|Any CPU
		{3DF17B32-89DF-48BB-80D3-5CED0BE45970}.zh|Any CPU.Build.0 = Release|Any CPU
		{85267AA3-E1F8-4054-BAA4-E226B67A97F3}.Debug|Any CPU.ActiveCfg = Release|Any CPU
		{85267AA3-E1F8-4054-BAA4-E226B67A97F3}.Debug|Any CPU.Build.0 = Release|Any CPU
		{85267AA3-E1F8-4054-BAA4-E226B67A97F3}.en|Any CPU.ActiveCfg = Release|Any CPU
		{85267AA3-E1F8-4054-BAA4-E226B67A97F3}.en|Any CPU.Build.0 = Release|Any CPU
		{85267AA3-E1F8-4054-BAA4-E226B67A97F3}.Release|Any CPU.ActiveCfg = Release|Any CPU
		{85267AA3-E1F8-4054-BAA4-E226B67A97F3}.Release|Any CPU.Build.0 = Release|Any CPU
		{85267AA3-E1F8-4054-BAA4-E226B67A97F3}.zh|Any CPU.ActiveCfg = Release|Any CPU
		{85267AA3-E1F8-4054-BAA4-E226B67A97F3}.zh|Any CPU.Build.0 = Release|Any CPU
	EndGlobalSection
	GlobalSection(SolutionProperties) = preSolution
		HideSolutionNode = FALSE
	EndGlobalSection
	GlobalSection(NestedProjects) = preSolution
		{B38F4701-94F8-46F3-AC17-6B4B12068F3E} = {89D5C97C-51AD-4554-94EF-AAFECD260472}
		{38BED804-CDE9-46E0-A493-9DF6F4DD3F27} = {908DBA17-555A-4F3E-81BB-3D7451FD4AD9}
		{3DF17B32-89DF-48BB-80D3-5CED0BE45970} = {89D5C97C-51AD-4554-94EF-AAFECD260472}
		{85267AA3-E1F8-4054-BAA4-E226B67A97F3} = {89D5C97C-51AD-4554-94EF-AAFECD260472}
	EndGlobalSection
EndGlobal
