
Microsoft Visual Studio Solution File, Format Version 12.00
# Visual Studio 15
VisualStudioVersion = 15.0.28010.2048
MinimumVisualStudioVersion = 10.0.40219.1
Project("{9A19103F-16F7-4668-BE54-9A1E7A4F7556}") = "MicroDBHelperExpansionPack.EntityConversion", "MicroDBHelperExpansionPack.EntityConversion\MicroDBHelperExpansionPack.EntityConversion.csproj", "{DA8B253A-315A-4C64-92FB-9D27DF0AB40D}"
EndProject
Project("{2150E333-8FDC-42A3-9474-1A3956D46DE8}") = "0 Dependencies", "0 Dependencies", "{908DBA17-555A-4F3E-81BB-3D7451FD4AD9}"
EndProject
Project("{2150E333-8FDC-42A3-9474-1A3956D46DE8}") = "1 Main Contents", "1 Main Contents", "{89D5C97C-51AD-4554-94EF-AAFECD260472}"
EndProject
Project("{FAE04EC0-301F-11D3-BF4B-00C04F79EFBC}") = "MicroDBHelperExpansionPack.PagingQuery", "MicroDBHelperExpansionPack.PagingQuery\MicroDBHelperExpansionPack.PagingQuery.csproj", "{3DF17B32-89DF-48BB-80D3-5CED0BE45970}"
EndProject
Project("{9A19103F-16F7-4668-BE54-9A1E7A4F7556}") = "MicroDBHelperExpansionPack.TransactionWrap", "MicroDBHelperExpansionPack.TransactionWrap\MicroDBHelperExpansionPack.TransactionWrap.csproj", "{85267AA3-E1F8-4054-BAA4-E226B67A97F3}"
EndProject
Project("{9A19103F-16F7-4668-BE54-9A1E7A4F7556}") = "MicroDBHelper", "References\MicroDBHelper\Source\MicroDBHelper\MicroDBHelper.csproj", "{1FC8371F-18F4-4693-B233-A8736F9CDED7}"
EndProject
Global
	GlobalSection(SolutionConfigurationPlatforms) = preSolution
		Debug|Any CPU = Debug|Any CPU
		en|Any CPU = en|Any CPU
		Release|Any CPU = Release|Any CPU
		zh|Any CPU = zh|Any CPU
	EndGlobalSection
	GlobalSection(ProjectConfigurationPlatforms) = postSolution
		{DA8B253A-315A-4C64-92FB-9D27DF0AB40D}.Debug|Any CPU.ActiveCfg = Release|Any CPU
		{DA8B253A-315A-4C64-92FB-9D27DF0AB40D}.Debug|Any CPU.Build.0 = Release|Any CPU
		{DA8B253A-315A-4C64-92FB-9D27DF0AB40D}.en|Any CPU.ActiveCfg = Release|Any CPU
		{DA8B253A-315A-4C64-92FB-9D27DF0AB40D}.en|Any CPU.Build.0 = Release|Any CPU
		{DA8B253A-315A-4C64-92FB-9D27DF0AB40D}.Release|Any CPU.ActiveCfg = Release|Any CPU
		{DA8B253A-315A-4C64-92FB-9D27DF0AB40D}.Release|Any CPU.Build.0 = Release|Any CPU
		{DA8B253A-315A-4C64-92FB-9D27DF0AB40D}.zh|Any CPU.ActiveCfg = Release|Any CPU
		{DA8B253A-315A-4C64-92FB-9D27DF0AB40D}.zh|Any CPU.Build.0 = Release|Any CPU
		{3DF17B32-89DF-48BB-80D3-5CED0BE45970}.Debug|Any CPU.ActiveCfg = Release|Any CPU
		{3DF17B32-89DF-48BB-80D3-5CED0BE45970}.Debug|Any CPU.Build.0 = Release|Any CPU
		{3DF17B32-89DF-48BB-80D3-5CED0BE45970}.en|Any CPU.ActiveCfg = Release|Any CPU
		{3DF17B32-89DF-48BB-80D3-5CED0BE45970}.en|Any CPU.Build.0 = Release|Any CPU
		{3DF17B32-89DF-48BB-80D3-5CED0BE45970}.Release|Any CPU.ActiveCfg = Release|Any CPU
		{3DF17B32-89DF-48BB-80D3-5CED0BE45970}.Release|Any CPU.Build.0 = Release|Any CPU
		{3DF17B32-89DF-48BB-80D3-5CED0BE45970}.zh|Any CPU.ActiveCfg = Release|Any CPU
		{3DF17B32-89DF-48BB-80D3-5CED0BE45970}.zh|Any CPU.Build.0 = Release|Any CPU
		{85267AA3-E1F8-4054-BAA4-E226B67A97F3}.Debug|Any CPU.ActiveCfg = Release|Any CPU
		{85267AA3-E1F8-4054-BAA4-E226B67A97F3}.Debug|Any CPU.Build.0 = Release|Any CPU
		{85267AA3-E1F8-4054-BAA4-E226B67A97F3}.en|Any CPU.ActiveCfg = Release|Any CPU
		{85267AA3-E1F8-4054-BAA4-E226B67A97F3}.en|Any CPU.Build.0 = Release|Any CPU
		{85267AA3-E1F8-4054-BAA4-E226B67A97F3}.Release|Any CPU.ActiveCfg = Release|Any CPU
		{85267AA3-E1F8-4054-BAA4-E226B67A97F3}.Release|Any CPU.Build.0 = Release|Any CPU
		{85267AA3-E1F8-4054-BAA4-E226B67A97F3}.zh|Any CPU.ActiveCfg = Release|Any CPU
		{85267AA3-E1F8-4054-BAA4-E226B67A97F3}.zh|Any CPU.Build.0 = Release|Any CPU
		{1FC8371F-18F4-4693-B233-A8736F9CDED7}.Debug|Any CPU.ActiveCfg = Debug|Any CPU
		{1FC8371F-18F4-4693-B233-A8736F9CDED7}.Debug|Any CPU.Build.0 = Debug|Any CPU
		{1FC8371F-18F4-4693-B233-A8736F9CDED7}.en|Any CPU.ActiveCfg = Release|Any CPU
		{1FC8371F-18F4-4693-B233-A8736F9CDED7}.en|Any CPU.Build.0 = Release|Any CPU
		{1FC8371F-18F4-4693-B233-A8736F9CDED7}.Release|Any CPU.ActiveCfg = Release|Any CPU
		{1FC8371F-18F4-4693-B233-A8736F9CDED7}.Release|Any CPU.Build.0 = Release|Any CPU
		{1FC8371F-18F4-4693-B233-A8736F9CDED7}.zh|Any CPU.ActiveCfg = Release|Any CPU
		{1FC8371F-18F4-4693-B233-A8736F9CDED7}.zh|Any CPU.Build.0 = Release|Any CPU
	EndGlobalSection
	GlobalSection(SolutionProperties) = preSolution
		HideSolutionNode = FALSE
	EndGlobalSection
	GlobalSection(NestedProjects) = preSolution
		{DA8B253A-315A-4C64-92FB-9D27DF0AB40D} = {89D5C97C-51AD-4554-94EF-AAFECD260472}
		{3DF17B32-89DF-48BB-80D3-5CED0BE45970} = {89D5C97C-51AD-4554-94EF-AAFECD260472}
		{85267AA3-E1F8-4054-BAA4-E226B67A97F3} = {89D5C97C-51AD-4554-94EF-AAFECD260472}
		{1FC8371F-18F4-4693-B233-A8736F9CDED7} = {908DBA17-555A-4F3E-81BB-3D7451FD4AD9}
	EndGlobalSection
	GlobalSection(ExtensibilityGlobals) = postSolution
		SolutionGuid = {8ECB7109-F99D-4A15-B7D5-F457BCA472C3}
	EndGlobalSection
EndGlobal
